
Microsoft Visual Studio Solution File, Format Version 12.00
# Visual Studio Version 16
VisualStudioVersion = 16.0.30309.148
MinimumVisualStudioVersion = 10.0.40219.1
Project("{9A19103F-16F7-4668-BE54-9A1E7A4F7556}") = "Mask Sensitive", "ConsoleInput\Mask Sensitive.csproj", "{8931C4C7-FBC8-40A3-8599-326B7921A8BF}"
EndProject
Global
	GlobalSection(SolutionConfigurationPlatforms) = preSolution
		Debug|Any CPU = Debug|Any CPU
		Release|Any CPU = Release|Any CPU
	EndGlobalSection
	GlobalSection(ProjectConfigurationPlatforms) = postSolution
		{8931C4C7-FBC8-40A3-8599-326B7921A8BF}.Debug|Any CPU.ActiveCfg = Debug|Any CPU
		{8931C4C7-FBC8-40A3-8599-326B7921A8BF}.Debug|Any CPU.Build.0 = Debug|Any CPU
		{8931C4C7-FBC8-40A3-8599-326B7921A8BF}.Release|Any CPU.ActiveCfg = Release|Any CPU
		{8931C4C7-FBC8-40A3-8599-326B7921A8BF}.Release|Any CPU.Build.0 = Release|Any CPU
	EndGlobalSection
	GlobalSection(SolutionProperties) = preSolution
		HideSolutionNode = FALSE
	EndGlobalSection
	GlobalSection(ExtensibilityGlobals) = postSolution
		SolutionGuid = {43DA9D4F-E567-40AC-9253-186B0AD14AA8}
	EndGlobalSection
EndGlobal
